
Microsoft Visual Studio Solution File, Format Version 12.00
# Visual Studio Version 17
VisualStudioVersion = 17.7.34202.233
MinimumVisualStudioVersion = 10.0.40219.1
Project("{FAE04EC0-301F-11D3-BF4B-00C04F79EFBC}") = "BankATM", "BankATM.csproj", "{5DA33B5D-3B8C-4809-A1EC-71DA0A0418E3}"
EndProject
Global
	GlobalSection(SolutionConfigurationPlatforms) = preSolution
		Debug|Any CPU = Debug|Any CPU
		Release|Any CPU = Release|Any CPU
	EndGlobalSection
	GlobalSection(ProjectConfigurationPlatforms) = postSolution
		{5DA33B5D-3B8C-4809-A1EC-71DA0A0418E3}.Debug|Any CPU.ActiveCfg = Debug|Any CPU
		{5DA33B5D-3B8C-4809-A1EC-71DA0A0418E3}.Debug|Any CPU.Build.0 = Debug|Any CPU
		{5DA33B5D-3B8C-4809-A1EC-71DA0A0418E3}.Release|Any CPU.ActiveCfg = Release|Any CPU
		{5DA33B5D-3B8C-4809-A1EC-71DA0A0418E3}.Release|Any CPU.Build.0 = Release|Any CPU
	EndGlobalSection
	GlobalSection(SolutionProperties) = preSolution
		HideSolutionNode = FALSE
	EndGlobalSection
	GlobalSection(ExtensibilityGlobals) = postSolution
		SolutionGuid = {E6F39D43-1898-4ADA-A522-23082583FB64}
	EndGlobalSection
EndGlobal
